###############################
# Minimal resolver constraints #
###############################
# Keep Alpaca SDKs and Yahoo Finance compatible.

# Alpaca compatibility: <2
urllib3==1.26.20

# Keep websocket floor compatible with alpaca-py and pinned yfinance.
websockets==10.4

# Avoids websockets>=13 pull from newer yfinance
yfinance==0.2.58
